// !$*UTF8*$!
{
	archiveVersion = 1;
	classes = {
	};
	objectVersion = 55;
	objects = {

/* Begin PBXBuildFile section */
		BF3A48EF284EA73500DAFF69 /* SearchDetailCellType.swift in Sources */ = {isa = PBXBuildFile; fileRef = BF3A48EE284EA73500DAFF69 /* SearchDetailCellType.swift */; };
		BF3ED737284B5B9F00E9C0AC /* AppDelegate.swift in Sources */ = {isa = PBXBuildFile; fileRef = BF3ED736284B5B9F00E9C0AC /* AppDelegate.swift */; };
		BF3ED739284B5B9F00E9C0AC /* SceneDelegate.swift in Sources */ = {isa = PBXBuildFile; fileRef = BF3ED738284B5B9F00E9C0AC /* SceneDelegate.swift */; };
		BF3ED73B284B5B9F00E9C0AC /* SearchViewController.swift in Sources */ = {isa = PBXBuildFile; fileRef = BF3ED73A284B5B9F00E9C0AC /* SearchViewController.swift */; };
		BF3ED740284B5BA000E9C0AC /* Assets.xcassets in Resources */ = {isa = PBXBuildFile; fileRef = BF3ED73F284B5BA000E9C0AC /* Assets.xcassets */; };
		BF3ED743284B5BA000E9C0AC /* LaunchScreen.storyboard in Resources */ = {isa = PBXBuildFile; fileRef = BF3ED741284B5BA000E9C0AC /* LaunchScreen.storyboard */; };
		BF3ED760284BA36600E9C0AC /* SearchAPI.swift in Sources */ = {isa = PBXBuildFile; fileRef = BF3ED75F284BA36600E9C0AC /* SearchAPI.swift */; };
		BF3ED762284BA37200E9C0AC /* SearchAPIProvider.swift in Sources */ = {isa = PBXBuildFile; fileRef = BF3ED761284BA37200E9C0AC /* SearchAPIProvider.swift */; };
		BF3ED764284BA49300E9C0AC /* Constants.swift in Sources */ = {isa = PBXBuildFile; fileRef = BF3ED763284BA49300E9C0AC /* Constants.swift */; };
		BF3ED766284BB98B00E9C0AC /* SearchPageProvider.swift in Sources */ = {isa = PBXBuildFile; fileRef = BF3ED765284BB98B00E9C0AC /* SearchPageProvider.swift */; };
		BF3ED768284BBA3800E9C0AC /* SearchResponseModel.swift in Sources */ = {isa = PBXBuildFile; fileRef = BF3ED767284BBA3800E9C0AC /* SearchResponseModel.swift */; };
		BF3ED76A284BC5C500E9C0AC /* SearchItem.swift in Sources */ = {isa = PBXBuildFile; fileRef = BF3ED769284BC5C500E9C0AC /* SearchItem.swift */; };
		BF3ED76D284BC77200E9C0AC /* Typealiases.swift in Sources */ = {isa = PBXBuildFile; fileRef = BF3ED76C284BC77200E9C0AC /* Typealiases.swift */; };
		BF3ED775284BECC500E9C0AC /* SearchViewModel.swift in Sources */ = {isa = PBXBuildFile; fileRef = BF3ED774284BECC500E9C0AC /* SearchViewModel.swift */; };
		BF3ED778284BED1A00E9C0AC /* SearchRouter.swift in Sources */ = {isa = PBXBuildFile; fileRef = BF3ED777284BED1A00E9C0AC /* SearchRouter.swift */; };
		BF3ED77A284BEE2900E9C0AC /* SearchResultsParser.swift in Sources */ = {isa = PBXBuildFile; fileRef = BF3ED779284BEE2900E9C0AC /* SearchResultsParser.swift */; };
		BF3ED77C284BEE7200E9C0AC /* SearchManager.swift in Sources */ = {isa = PBXBuildFile; fileRef = BF3ED77B284BEE7200E9C0AC /* SearchManager.swift */; };
		BF3ED780284BF11E00E9C0AC /* SearchDataSource.swift in Sources */ = {isa = PBXBuildFile; fileRef = BF3ED77F284BF11E00E9C0AC /* SearchDataSource.swift */; };
		BF3ED782284BF8C700E9C0AC /* ViewControllerMaker.swift in Sources */ = {isa = PBXBuildFile; fileRef = BF3ED781284BF8C700E9C0AC /* ViewControllerMaker.swift */; };
		BF3ED785284BFDA000E9C0AC /* PaginationType.swift in Sources */ = {isa = PBXBuildFile; fileRef = BF3ED784284BFDA000E9C0AC /* PaginationType.swift */; };
		BF3ED788284C180E00E9C0AC /* SearchResultsCell.swift in Sources */ = {isa = PBXBuildFile; fileRef = BF3ED786284C180E00E9C0AC /* SearchResultsCell.swift */; };
		BF3ED789284C180E00E9C0AC /* SearchResultsCell.xib in Resources */ = {isa = PBXBuildFile; fileRef = BF3ED787284C180E00E9C0AC /* SearchResultsCell.xib */; };
		BF3ED78B284CBCF100E9C0AC /* SearchBaseCollectionViewCell.swift in Sources */ = {isa = PBXBuildFile; fileRef = BF3ED78A284CBCF100E9C0AC /* SearchBaseCollectionViewCell.swift */; };
		BF3ED78D284CBD4C00E9C0AC /* SearchActionHandler.swift in Sources */ = {isa = PBXBuildFile; fileRef = BF3ED78C284CBD4C00E9C0AC /* SearchActionHandler.swift */; };
		BF3ED78F284CBD8A00E9C0AC /* SearchCellBaseViewModel.swift in Sources */ = {isa = PBXBuildFile; fileRef = BF3ED78E284CBD8A00E9C0AC /* SearchCellBaseViewModel.swift */; };
		BF3ED791284CBDAF00E9C0AC /* SearchResultCellViewModel.swift in Sources */ = {isa = PBXBuildFile; fileRef = BF3ED790284CBDAF00E9C0AC /* SearchResultCellViewModel.swift */; };
		BF3ED793284CBDC000E9C0AC /* SearchPlaceholderCellViewModel.swift in Sources */ = {isa = PBXBuildFile; fileRef = BF3ED792284CBDC000E9C0AC /* SearchPlaceholderCellViewModel.swift */; };
		BF3ED796284CC22300E9C0AC /* SearchCellType.swift in Sources */ = {isa = PBXBuildFile; fileRef = BF3ED795284CC22300E9C0AC /* SearchCellType.swift */; };
		BF3ED7A0284D279500E9C0AC /* String+Ext.swift in Sources */ = {isa = PBXBuildFile; fileRef = BF3ED79F284D279500E9C0AC /* String+Ext.swift */; };
		BF3ED7A2284D370800E9C0AC /* SearchScope.swift in Sources */ = {isa = PBXBuildFile; fileRef = BF3ED7A1284D370800E9C0AC /* SearchScope.swift */; };
		BF3ED7A4284D490D00E9C0AC /* SearchViewController+Setup.swift in Sources */ = {isa = PBXBuildFile; fileRef = BF3ED7A3284D490D00E9C0AC /* SearchViewController+Setup.swift */; };
		BF3ED7A6284D4B2C00E9C0AC /* SearchViewController+Bindings.swift in Sources */ = {isa = PBXBuildFile; fileRef = BF3ED7A5284D4B2C00E9C0AC /* SearchViewController+Bindings.swift */; };
		BF3ED7AB284D4E9900E9C0AC /* SearchPlaceholderCell.swift in Sources */ = {isa = PBXBuildFile; fileRef = BF3ED7A9284D4E9900E9C0AC /* SearchPlaceholderCell.swift */; };
		BF3ED7AC284D4E9900E9C0AC /* SearchPlaceholderCell.xib in Resources */ = {isa = PBXBuildFile; fileRef = BF3ED7AA284D4E9900E9C0AC /* SearchPlaceholderCell.xib */; };
		BF5898C7284DB86700FE6534 /* UICollectionView+Ext.swift in Sources */ = {isa = PBXBuildFile; fileRef = BF5898C6284DB86700FE6534 /* UICollectionView+Ext.swift */; };
		BF5898D0284E57D700FE6534 /* DetailViewController.swift in Sources */ = {isa = PBXBuildFile; fileRef = BF5898CF284E57D700FE6534 /* DetailViewController.swift */; };
		BF5898D5284E718200FE6534 /* DetailImageCell.swift in Sources */ = {isa = PBXBuildFile; fileRef = BF5898D3284E718200FE6534 /* DetailImageCell.swift */; };
		BF5898D6284E718200FE6534 /* DetailImageCell.xib in Resources */ = {isa = PBXBuildFile; fileRef = BF5898D4284E718200FE6534 /* DetailImageCell.xib */; };
		BF5898D9284E895200FE6534 /* DetailTitleCell.swift in Sources */ = {isa = PBXBuildFile; fileRef = BF5898D7284E895200FE6534 /* DetailTitleCell.swift */; };
		BF5898DA284E895200FE6534 /* DetailTitleCell.xib in Resources */ = {isa = PBXBuildFile; fileRef = BF5898D8284E895200FE6534 /* DetailTitleCell.xib */; };
		BF5898DD284E8AF300FE6534 /* DetailInfoCell.swift in Sources */ = {isa = PBXBuildFile; fileRef = BF5898DB284E8AF300FE6534 /* DetailInfoCell.swift */; };
		BF5898DE284E8AF300FE6534 /* DetailInfoCell.xib in Resources */ = {isa = PBXBuildFile; fileRef = BF5898DC284E8AF300FE6534 /* DetailInfoCell.xib */; };
		BF5898E1284E8DA500FE6534 /* DetailDescriptionCell.swift in Sources */ = {isa = PBXBuildFile; fileRef = BF5898DF284E8DA500FE6534 /* DetailDescriptionCell.swift */; };
		BF5898E2284E8DA500FE6534 /* DetailDescriptionCell.xib in Resources */ = {isa = PBXBuildFile; fileRef = BF5898E0284E8DA500FE6534 /* DetailDescriptionCell.xib */; };
		BFE32660284D5A800032A4A1 /* UIView+Ext.swift in Sources */ = {isa = PBXBuildFile; fileRef = BFE3265F284D5A800032A4A1 /* UIView+Ext.swift */; };
		DF74B0A772E80BFFF501CBD1 /* Pods_iTunes_Search.framework in Frameworks */ = {isa = PBXBuildFile; fileRef = C1FAC78D2DA735F2B957E054 /* Pods_iTunes_Search.framework */; };
/* End PBXBuildFile section */

/* Begin PBXFileReference section */
		2843F59F7BB6C7F62AA2C014 /* Pods-iTunes Search.debug.xcconfig */ = {isa = PBXFileReference; includeInIndex = 1; lastKnownFileType = text.xcconfig; name = "Pods-iTunes Search.debug.xcconfig"; path = "Target Support Files/Pods-iTunes Search/Pods-iTunes Search.debug.xcconfig"; sourceTree = "<group>"; };
		6859C570EBFE90140594C104 /* Pods-iTunes Search.release.xcconfig */ = {isa = PBXFileReference; includeInIndex = 1; lastKnownFileType = text.xcconfig; name = "Pods-iTunes Search.release.xcconfig"; path = "Target Support Files/Pods-iTunes Search/Pods-iTunes Search.release.xcconfig"; sourceTree = "<group>"; };
		BF3A48EE284EA73500DAFF69 /* SearchDetailCellType.swift */ = {isa = PBXFileReference; lastKnownFileType = sourcecode.swift; path = SearchDetailCellType.swift; sourceTree = "<group>"; };
		BF3ED733284B5B9F00E9C0AC /* iTunes Search.app */ = {isa = PBXFileReference; explicitFileType = wrapper.application; includeInIndex = 0; path = "iTunes Search.app"; sourceTree = BUILT_PRODUCTS_DIR; };
		BF3ED736284B5B9F00E9C0AC /* AppDelegate.swift */ = {isa = PBXFileReference; lastKnownFileType = sourcecode.swift; path = AppDelegate.swift; sourceTree = "<group>"; };
		BF3ED738284B5B9F00E9C0AC /* SceneDelegate.swift */ = {isa = PBXFileReference; lastKnownFileType = sourcecode.swift; path = SceneDelegate.swift; sourceTree = "<group>"; };
		BF3ED73A284B5B9F00E9C0AC /* SearchViewController.swift */ = {isa = PBXFileReference; lastKnownFileType = sourcecode.swift; path = SearchViewController.swift; sourceTree = "<group>"; };
		BF3ED73F284B5BA000E9C0AC /* Assets.xcassets */ = {isa = PBXFileReference; lastKnownFileType = folder.assetcatalog; path = Assets.xcassets; sourceTree = "<group>"; };
		BF3ED742284B5BA000E9C0AC /* Base */ = {isa = PBXFileReference; lastKnownFileType = file.storyboard; name = Base; path = Base.lproj/LaunchScreen.storyboard; sourceTree = "<group>"; };
		BF3ED744284B5BA000E9C0AC /* Info.plist */ = {isa = PBXFileReference; lastKnownFileType = text.plist.xml; path = Info.plist; sourceTree = "<group>"; };
		BF3ED75F284BA36600E9C0AC /* SearchAPI.swift */ = {isa = PBXFileReference; lastKnownFileType = sourcecode.swift; path = SearchAPI.swift; sourceTree = "<group>"; };
		BF3ED761284BA37200E9C0AC /* SearchAPIProvider.swift */ = {isa = PBXFileReference; lastKnownFileType = sourcecode.swift; path = SearchAPIProvider.swift; sourceTree = "<group>"; };
		BF3ED763284BA49300E9C0AC /* Constants.swift */ = {isa = PBXFileReference; lastKnownFileType = sourcecode.swift; path = Constants.swift; sourceTree = "<group>"; };
		BF3ED765284BB98B00E9C0AC /* SearchPageProvider.swift */ = {isa = PBXFileReference; lastKnownFileType = sourcecode.swift; path = SearchPageProvider.swift; sourceTree = "<group>"; };
		BF3ED767284BBA3800E9C0AC /* SearchResponseModel.swift */ = {isa = PBXFileReference; lastKnownFileType = sourcecode.swift; path = SearchResponseModel.swift; sourceTree = "<group>"; };
		BF3ED769284BC5C500E9C0AC /* SearchItem.swift */ = {isa = PBXFileReference; lastKnownFileType = sourcecode.swift; path = SearchItem.swift; sourceTree = "<group>"; };
		BF3ED76C284BC77200E9C0AC /* Typealiases.swift */ = {isa = PBXFileReference; lastKnownFileType = sourcecode.swift; path = Typealiases.swift; sourceTree = "<group>"; };
		BF3ED774284BECC500E9C0AC /* SearchViewModel.swift */ = {isa = PBXFileReference; lastKnownFileType = sourcecode.swift; path = SearchViewModel.swift; sourceTree = "<group>"; };
		BF3ED777284BED1A00E9C0AC /* SearchRouter.swift */ = {isa = PBXFileReference; lastKnownFileType = sourcecode.swift; path = SearchRouter.swift; sourceTree = "<group>"; };
		BF3ED779284BEE2900E9C0AC /* SearchResultsParser.swift */ = {isa = PBXFileReference; lastKnownFileType = sourcecode.swift; path = SearchResultsParser.swift; sourceTree = "<group>"; };
		BF3ED77B284BEE7200E9C0AC /* SearchManager.swift */ = {isa = PBXFileReference; lastKnownFileType = sourcecode.swift; path = SearchManager.swift; sourceTree = "<group>"; };
		BF3ED77F284BF11E00E9C0AC /* SearchDataSource.swift */ = {isa = PBXFileReference; lastKnownFileType = sourcecode.swift; path = SearchDataSource.swift; sourceTree = "<group>"; };
		BF3ED781284BF8C700E9C0AC /* ViewControllerMaker.swift */ = {isa = PBXFileReference; lastKnownFileType = sourcecode.swift; path = ViewControllerMaker.swift; sourceTree = "<group>"; };
		BF3ED784284BFDA000E9C0AC /* PaginationType.swift */ = {isa = PBXFileReference; lastKnownFileType = sourcecode.swift; path = PaginationType.swift; sourceTree = "<group>"; };
		BF3ED786284C180E00E9C0AC /* SearchResultsCell.swift */ = {isa = PBXFileReference; lastKnownFileType = sourcecode.swift; path = SearchResultsCell.swift; sourceTree = "<group>"; };
		BF3ED787284C180E00E9C0AC /* SearchResultsCell.xib */ = {isa = PBXFileReference; lastKnownFileType = file.xib; path = SearchResultsCell.xib; sourceTree = "<group>"; };
		BF3ED78A284CBCF100E9C0AC /* SearchBaseCollectionViewCell.swift */ = {isa = PBXFileReference; lastKnownFileType = sourcecode.swift; path = SearchBaseCollectionViewCell.swift; sourceTree = "<group>"; };
		BF3ED78C284CBD4C00E9C0AC /* SearchActionHandler.swift */ = {isa = PBXFileReference; lastKnownFileType = sourcecode.swift; path = SearchActionHandler.swift; sourceTree = "<group>"; };
		BF3ED78E284CBD8A00E9C0AC /* SearchCellBaseViewModel.swift */ = {isa = PBXFileReference; lastKnownFileType = sourcecode.swift; path = SearchCellBaseViewModel.swift; sourceTree = "<group>"; };
		BF3ED790284CBDAF00E9C0AC /* SearchResultCellViewModel.swift */ = {isa = PBXFileReference; lastKnownFileType = sourcecode.swift; path = SearchResultCellViewModel.swift; sourceTree = "<group>"; };
		BF3ED792284CBDC000E9C0AC /* SearchPlaceholderCellViewModel.swift */ = {isa = PBXFileReference; lastKnownFileType = sourcecode.swift; path = SearchPlaceholderCellViewModel.swift; sourceTree = "<group>"; };
		BF3ED795284CC22300E9C0AC /* SearchCellType.swift */ = {isa = PBXFileReference; lastKnownFileType = sourcecode.swift; path = SearchCellType.swift; sourceTree = "<group>"; };
		BF3ED79F284D279500E9C0AC /* String+Ext.swift */ = {isa = PBXFileReference; lastKnownFileType = sourcecode.swift; path = "String+Ext.swift"; sourceTree = "<group>"; };
		BF3ED7A1284D370800E9C0AC /* SearchScope.swift */ = {isa = PBXFileReference; lastKnownFileType = sourcecode.swift; path = SearchScope.swift; sourceTree = "<group>"; };
		BF3ED7A3284D490D00E9C0AC /* SearchViewController+Setup.swift */ = {isa = PBXFileReference; lastKnownFileType = sourcecode.swift; path = "SearchViewController+Setup.swift"; sourceTree = "<group>"; };
		BF3ED7A5284D4B2C00E9C0AC /* SearchViewController+Bindings.swift */ = {isa = PBXFileReference; lastKnownFileType = sourcecode.swift; path = "SearchViewController+Bindings.swift"; sourceTree = "<group>"; };
		BF3ED7A9284D4E9900E9C0AC /* SearchPlaceholderCell.swift */ = {isa = PBXFileReference; lastKnownFileType = sourcecode.swift; path = SearchPlaceholderCell.swift; sourceTree = "<group>"; };
		BF3ED7AA284D4E9900E9C0AC /* SearchPlaceholderCell.xib */ = {isa = PBXFileReference; lastKnownFileType = file.xib; path = SearchPlaceholderCell.xib; sourceTree = "<group>"; };
		BF5898C6284DB86700FE6534 /* UICollectionView+Ext.swift */ = {isa = PBXFileReference; lastKnownFileType = sourcecode.swift; path = "UICollectionView+Ext.swift"; sourceTree = "<group>"; };
		BF5898CF284E57D700FE6534 /* DetailViewController.swift */ = {isa = PBXFileReference; lastKnownFileType = sourcecode.swift; path = DetailViewController.swift; sourceTree = "<group>"; };
		BF5898D3284E718200FE6534 /* DetailImageCell.swift */ = {isa = PBXFileReference; lastKnownFileType = sourcecode.swift; path = DetailImageCell.swift; sourceTree = "<group>"; };
		BF5898D4284E718200FE6534 /* DetailImageCell.xib */ = {isa = PBXFileReference; lastKnownFileType = file.xib; path = DetailImageCell.xib; sourceTree = "<group>"; };
		BF5898D7284E895200FE6534 /* DetailTitleCell.swift */ = {isa = PBXFileReference; lastKnownFileType = sourcecode.swift; path = DetailTitleCell.swift; sourceTree = "<group>"; };
		BF5898D8284E895200FE6534 /* DetailTitleCell.xib */ = {isa = PBXFileReference; lastKnownFileType = file.xib; path = DetailTitleCell.xib; sourceTree = "<group>"; };
		BF5898DB284E8AF300FE6534 /* DetailInfoCell.swift */ = {isa = PBXFileReference; lastKnownFileType = sourcecode.swift; path = DetailInfoCell.swift; sourceTree = "<group>"; };
		BF5898DC284E8AF300FE6534 /* DetailInfoCell.xib */ = {isa = PBXFileReference; lastKnownFileType = file.xib; path = DetailInfoCell.xib; sourceTree = "<group>"; };
		BF5898DF284E8DA500FE6534 /* DetailDescriptionCell.swift */ = {isa = PBXFileReference; lastKnownFileType = sourcecode.swift; path = DetailDescriptionCell.swift; sourceTree = "<group>"; };
		BF5898E0284E8DA500FE6534 /* DetailDescriptionCell.xib */ = {isa = PBXFileReference; lastKnownFileType = file.xib; path = DetailDescriptionCell.xib; sourceTree = "<group>"; };
		BFE3265F284D5A800032A4A1 /* UIView+Ext.swift */ = {isa = PBXFileReference; lastKnownFileType = sourcecode.swift; path = "UIView+Ext.swift"; sourceTree = "<group>"; };
		C1FAC78D2DA735F2B957E054 /* Pods_iTunes_Search.framework */ = {isa = PBXFileReference; explicitFileType = wrapper.framework; includeInIndex = 0; path = Pods_iTunes_Search.framework; sourceTree = BUILT_PRODUCTS_DIR; };
/* End PBXFileReference section */

/* Begin PBXFrameworksBuildPhase section */
		BF3ED730284B5B9F00E9C0AC /* Frameworks */ = {
			isa = PBXFrameworksBuildPhase;
			buildActionMask = 2147483647;
			files = (
				DF74B0A772E80BFFF501CBD1 /* Pods_iTunes_Search.framework in Frameworks */,
			);
			runOnlyForDeploymentPostprocessing = 0;
		};
/* End PBXFrameworksBuildPhase section */

/* Begin PBXGroup section */
		657DA8EB972EC374EB7A06C3 /* Frameworks */ = {
			isa = PBXGroup;
			children = (
				C1FAC78D2DA735F2B957E054 /* Pods_iTunes_Search.framework */,
			);
			name = Frameworks;
			sourceTree = "<group>";
		};
		91FD323EC23C9BD9BFBCDD53 /* Pods */ = {
			isa = PBXGroup;
			children = (
				2843F59F7BB6C7F62AA2C014 /* Pods-iTunes Search.debug.xcconfig */,
				6859C570EBFE90140594C104 /* Pods-iTunes Search.release.xcconfig */,
			);
			path = Pods;
			sourceTree = "<group>";
		};
		BF3ED72A284B5B9F00E9C0AC = {
			isa = PBXGroup;
			children = (
				BF3ED735284B5B9F00E9C0AC /* iTunes Search */,
				BF3ED734284B5B9F00E9C0AC /* Products */,
				91FD323EC23C9BD9BFBCDD53 /* Pods */,
				657DA8EB972EC374EB7A06C3 /* Frameworks */,
			);
			sourceTree = "<group>";
		};
		BF3ED734284B5B9F00E9C0AC /* Products */ = {
			isa = PBXGroup;
			children = (
				BF3ED733284B5B9F00E9C0AC /* iTunes Search.app */,
			);
			name = Products;
			sourceTree = "<group>";
		};
		BF3ED735284B5B9F00E9C0AC /* iTunes Search */ = {
			isa = PBXGroup;
			children = (
				BF3ED752284B93F300E9C0AC /* General */,
				BF3ED781284BF8C700E9C0AC /* ViewControllerMaker.swift */,
				BF3ED751284B93ED00E9C0AC /* Screens */,
				BF3ED736284B5B9F00E9C0AC /* AppDelegate.swift */,
				BF3ED738284B5B9F00E9C0AC /* SceneDelegate.swift */,
				BF3ED73F284B5BA000E9C0AC /* Assets.xcassets */,
				BF3ED741284B5BA000E9C0AC /* LaunchScreen.storyboard */,
				BF3ED744284B5BA000E9C0AC /* Info.plist */,
			);
			path = "iTunes Search";
			sourceTree = "<group>";
		};
		BF3ED751284B93ED00E9C0AC /* Screens */ = {
			isa = PBXGroup;
			children = (
				BF3ED753284B943100E9C0AC /* Search */,
			);
			path = Screens;
			sourceTree = "<group>";
		};
		BF3ED752284B93F300E9C0AC /* General */ = {
			isa = PBXGroup;
			children = (
				BF3ED76B284BC75D00E9C0AC /* Helpers */,
				BF3ED75C284B9A7500E9C0AC /* General Models */,
			);
			path = General;
			sourceTree = "<group>";
		};
		BF3ED753284B943100E9C0AC /* Search */ = {
			isa = PBXGroup;
			children = (
				BF3ED759284B946000E9C0AC /* Network Ops */,
				BF3ED758284B945700E9C0AC /* General Ops */,
				BF3ED757284B945200E9C0AC /* View Model */,
				BF3ED756284B944D00E9C0AC /* View */,
				BF3ED755284B944700E9C0AC /* Model */,
			);
			path = Search;
			sourceTree = "<group>";
		};
		BF3ED755284B944700E9C0AC /* Model */ = {
			isa = PBXGroup;
			children = (
				BF3ED794284CC21300E9C0AC /* General */,
				BF3ED767284BBA3800E9C0AC /* SearchResponseModel.swift */,
				BF3ED769284BC5C500E9C0AC /* SearchItem.swift */,
			);
			path = Model;
			sourceTree = "<group>";
		};
		BF3ED756284B944D00E9C0AC /* View */ = {
			isa = PBXGroup;
			children = (
				BF3ED770284BEC7600E9C0AC /* Main */,
				BF3ED771284BEC7F00E9C0AC /* Cells */,
			);
			path = View;
			sourceTree = "<group>";
		};
		BF3ED757284B945200E9C0AC /* View Model */ = {
			isa = PBXGroup;
			children = (
				BF3ED772284BEC9700E9C0AC /* Main */,
				BF3ED773284BECB500E9C0AC /* Cells */,
			);
			path = "View Model";
			sourceTree = "<group>";
		};
		BF3ED758284B945700E9C0AC /* General Ops */ = {
			isa = PBXGroup;
			children = (
				BF3ED77E284BF0E700E9C0AC /* Parsers */,
				BF3ED77D284BF0DE00E9C0AC /* Page Providers */,
				BF3ED77B284BEE7200E9C0AC /* SearchManager.swift */,
				BF3ED777284BED1A00E9C0AC /* SearchRouter.swift */,
				BF3ED78C284CBD4C00E9C0AC /* SearchActionHandler.swift */,
			);
			path = "General Ops";
			sourceTree = "<group>";
		};
		BF3ED759284B946000E9C0AC /* Network Ops */ = {
			isa = PBXGroup;
			children = (
				BF3ED75F284BA36600E9C0AC /* SearchAPI.swift */,
				BF3ED761284BA37200E9C0AC /* SearchAPIProvider.swift */,
			);
			path = "Network Ops";
			sourceTree = "<group>";
		};
		BF3ED75C284B9A7500E9C0AC /* General Models */ = {
			isa = PBXGroup;
			children = (
				BF3ED784284BFDA000E9C0AC /* PaginationType.swift */,
			);
			path = "General Models";
			sourceTree = "<group>";
		};
		BF3ED76B284BC75D00E9C0AC /* Helpers */ = {
			isa = PBXGroup;
			children = (
				BFE32661284D67960032A4A1 /* General Extensions */,
				BF3ED763284BA49300E9C0AC /* Constants.swift */,
				BF3ED76C284BC77200E9C0AC /* Typealiases.swift */,
			);
			path = Helpers;
			sourceTree = "<group>";
		};
		BF3ED770284BEC7600E9C0AC /* Main */ = {
			isa = PBXGroup;
			children = (
				BF3ED73A284B5B9F00E9C0AC /* SearchViewController.swift */,
				BF3ED77F284BF11E00E9C0AC /* SearchDataSource.swift */,
				BF3ED7A3284D490D00E9C0AC /* SearchViewController+Setup.swift */,
				BF3ED7A5284D4B2C00E9C0AC /* SearchViewController+Bindings.swift */,
				BF5898CE284E57B800FE6534 /* Detail */,
			);
			path = Main;
			sourceTree = "<group>";
		};
		BF3ED771284BEC7F00E9C0AC /* Cells */ = {
			isa = PBXGroup;
			children = (
				BF5898D1284E712400FE6534 /* Search Cells */,
				BF5898D2284E713000FE6534 /* Detail Cells */,
				BF3ED78A284CBCF100E9C0AC /* SearchBaseCollectionViewCell.swift */,
			);
			path = Cells;
			sourceTree = "<group>";
		};
		BF3ED772284BEC9700E9C0AC /* Main */ = {
			isa = PBXGroup;
			children = (
				BF3ED774284BECC500E9C0AC /* SearchViewModel.swift */,
			);
			path = Main;
			sourceTree = "<group>";
		};
		BF3ED773284BECB500E9C0AC /* Cells */ = {
			isa = PBXGroup;
			children = (
				BF3ED790284CBDAF00E9C0AC /* SearchResultCellViewModel.swift */,
				BF3ED792284CBDC000E9C0AC /* SearchPlaceholderCellViewModel.swift */,
				BF3ED78E284CBD8A00E9C0AC /* SearchCellBaseViewModel.swift */,
			);
			path = Cells;
			sourceTree = "<group>";
		};
		BF3ED77D284BF0DE00E9C0AC /* Page Providers */ = {
			isa = PBXGroup;
			children = (
				BF3ED765284BB98B00E9C0AC /* SearchPageProvider.swift */,
			);
			path = "Page Providers";
			sourceTree = "<group>";
		};
		BF3ED77E284BF0E700E9C0AC /* Parsers */ = {
			isa = PBXGroup;
			children = (
				BF3ED779284BEE2900E9C0AC /* SearchResultsParser.swift */,
			);
			path = Parsers;
			sourceTree = "<group>";
		};
		BF3ED794284CC21300E9C0AC /* General */ = {
			isa = PBXGroup;
			children = (
				BF3ED7A1284D370800E9C0AC /* SearchScope.swift */,
				BF3ED795284CC22300E9C0AC /* SearchCellType.swift */,
				BF3A48EE284EA73500DAFF69 /* SearchDetailCellType.swift */,
			);
			path = General;
			sourceTree = "<group>";
		};
		BF5898CE284E57B800FE6534 /* Detail */ = {
			isa = PBXGroup;
			children = (
				BF5898CF284E57D700FE6534 /* DetailViewController.swift */,
			);
			path = Detail;
			sourceTree = "<group>";
		};
		BF5898D1284E712400FE6534 /* Search Cells */ = {
			isa = PBXGroup;
			children = (
				BF3ED786284C180E00E9C0AC /* SearchResultsCell.swift */,
				BF3ED787284C180E00E9C0AC /* SearchResultsCell.xib */,
				BF3ED7A9284D4E9900E9C0AC /* SearchPlaceholderCell.swift */,
				BF3ED7AA284D4E9900E9C0AC /* SearchPlaceholderCell.xib */,
			);
			path = "Search Cells";
			sourceTree = "<group>";
		};
		BF5898D2284E713000FE6534 /* Detail Cells */ = {
			isa = PBXGroup;
			children = (
				BF5898D3284E718200FE6534 /* DetailImageCell.swift */,
				BF5898D4284E718200FE6534 /* DetailImageCell.xib */,
				BF5898D7284E895200FE6534 /* DetailTitleCell.swift */,
				BF5898D8284E895200FE6534 /* DetailTitleCell.xib */,
				BF5898DB284E8AF300FE6534 /* DetailInfoCell.swift */,
				BF5898DC284E8AF300FE6534 /* DetailInfoCell.xib */,
				BF5898DF284E8DA500FE6534 /* DetailDescriptionCell.swift */,
				BF5898E0284E8DA500FE6534 /* DetailDescriptionCell.xib */,
			);
			path = "Detail Cells";
			sourceTree = "<group>";
		};
		BFE32661284D67960032A4A1 /* General Extensions */ = {
			isa = PBXGroup;
			children = (
				BF3ED79F284D279500E9C0AC /* String+Ext.swift */,
				BFE3265F284D5A800032A4A1 /* UIView+Ext.swift */,
				BF5898C6284DB86700FE6534 /* UICollectionView+Ext.swift */,
			);
			path = "General Extensions";
			sourceTree = "<group>";
		};
/* End PBXGroup section */

/* Begin PBXNativeTarget section */
		BF3ED732284B5B9F00E9C0AC /* iTunes Search */ = {
			isa = PBXNativeTarget;
			buildConfigurationList = BF3ED747284B5BA000E9C0AC /* Build configuration list for PBXNativeTarget "iTunes Search" */;
			buildPhases = (
				8431F527B28E3822C297E73D /* [CP] Check Pods Manifest.lock */,
				BF3ED72F284B5B9F00E9C0AC /* Sources */,
				BF3ED730284B5B9F00E9C0AC /* Frameworks */,
				BF3ED731284B5B9F00E9C0AC /* Resources */,
				31AE07033BD89CF972815862 /* [CP] Embed Pods Frameworks */,
			);
			buildRules = (
			);
			dependencies = (
			);
			name = "iTunes Search";
			productName = "iTunes Search";
			productReference = BF3ED733284B5B9F00E9C0AC /* iTunes Search.app */;
			productType = "com.apple.product-type.application";
		};
/* End PBXNativeTarget section */

/* Begin PBXProject section */
		BF3ED72B284B5B9F00E9C0AC /* Project object */ = {
			isa = PBXProject;
			attributes = {
				BuildIndependentTargetsInParallel = 1;
				LastSwiftUpdateCheck = 1340;
				LastUpgradeCheck = 1340;
				TargetAttributes = {
					BF3ED732284B5B9F00E9C0AC = {
						CreatedOnToolsVersion = 13.4;
					};
				};
			};
			buildConfigurationList = BF3ED72E284B5B9F00E9C0AC /* Build configuration list for PBXProject "iTunes Search" */;
			compatibilityVersion = "Xcode 13.0";
			developmentRegion = en;
			hasScannedForEncodings = 0;
			knownRegions = (
				en,
				Base,
			);
			mainGroup = BF3ED72A284B5B9F00E9C0AC;
			productRefGroup = BF3ED734284B5B9F00E9C0AC /* Products */;
			projectDirPath = "";
			projectRoot = "";
			targets = (
				BF3ED732284B5B9F00E9C0AC /* iTunes Search */,
			);
		};
/* End PBXProject section */

/* Begin PBXResourcesBuildPhase section */
		BF3ED731284B5B9F00E9C0AC /* Resources */ = {
			isa = PBXResourcesBuildPhase;
			buildActionMask = 2147483647;
			files = (
				BF3ED743284B5BA000E9C0AC /* LaunchScreen.storyboard in Resources */,
				BF5898E2284E8DA500FE6534 /* DetailDescriptionCell.xib in Resources */,
				BF3ED789284C180E00E9C0AC /* SearchResultsCell.xib in Resources */,
				BF5898D6284E718200FE6534 /* DetailImageCell.xib in Resources */,
				BF5898DA284E895200FE6534 /* DetailTitleCell.xib in Resources */,
				BF5898DE284E8AF300FE6534 /* DetailInfoCell.xib in Resources */,
				BF3ED740284B5BA000E9C0AC /* Assets.xcassets in Resources */,
				BF3ED7AC284D4E9900E9C0AC /* SearchPlaceholderCell.xib in Resources */,
			);
			runOnlyForDeploymentPostprocessing = 0;
		};
/* End PBXResourcesBuildPhase section */

/* Begin PBXShellScriptBuildPhase section */
		31AE07033BD89CF972815862 /* [CP] Embed Pods Frameworks */ = {
			isa = PBXShellScriptBuildPhase;
			buildActionMask = 2147483647;
			files = (
			);
			inputFileListPaths = (
				"${PODS_ROOT}/Target Support Files/Pods-iTunes Search/Pods-iTunes Search-frameworks-${CONFIGURATION}-input-files.xcfilelist",
			);
			name = "[CP] Embed Pods Frameworks";
			outputFileListPaths = (
				"${PODS_ROOT}/Target Support Files/Pods-iTunes Search/Pods-iTunes Search-frameworks-${CONFIGURATION}-output-files.xcfilelist",
			);
			runOnlyForDeploymentPostprocessing = 0;
			shellPath = /bin/sh;
			shellScript = "\"${PODS_ROOT}/Target Support Files/Pods-iTunes Search/Pods-iTunes Search-frameworks.sh\"\n";
			showEnvVarsInLog = 0;
		};
		8431F527B28E3822C297E73D /* [CP] Check Pods Manifest.lock */ = {
			isa = PBXShellScriptBuildPhase;
			buildActionMask = 2147483647;
			files = (
			);
			inputFileListPaths = (
			);
			inputPaths = (
				"${PODS_PODFILE_DIR_PATH}/Podfile.lock",
				"${PODS_ROOT}/Manifest.lock",
			);
			name = "[CP] Check Pods Manifest.lock";
			outputFileListPaths = (
			);
			outputPaths = (
				"$(DERIVED_FILE_DIR)/Pods-iTunes Search-checkManifestLockResult.txt",
			);
			runOnlyForDeploymentPostprocessing = 0;
			shellPath = /bin/sh;
			shellScript = "diff \"${PODS_PODFILE_DIR_PATH}/Podfile.lock\" \"${PODS_ROOT}/Manifest.lock\" > /dev/null\nif [ $? != 0 ] ; then\n    # print error to STDERR\n    echo \"error: The sandbox is not in sync with the Podfile.lock. Run 'pod install' or update your CocoaPods installation.\" >&2\n    exit 1\nfi\n# This output is used by Xcode 'outputs' to avoid re-running this script phase.\necho \"SUCCESS\" > \"${SCRIPT_OUTPUT_FILE_0}\"\n";
			showEnvVarsInLog = 0;
		};
/* End PBXShellScriptBuildPhase section */

/* Begin PBXSourcesBuildPhase section */
		BF3ED72F284B5B9F00E9C0AC /* Sources */ = {
			isa = PBXSourcesBuildPhase;
			buildActionMask = 2147483647;
			files = (
				BF3ED76D284BC77200E9C0AC /* Typealiases.swift in Sources */,
				BF3ED7A4284D490D00E9C0AC /* SearchViewController+Setup.swift in Sources */,
				BFE32660284D5A800032A4A1 /* UIView+Ext.swift in Sources */,
				BF3ED76A284BC5C500E9C0AC /* SearchItem.swift in Sources */,
				BF3ED778284BED1A00E9C0AC /* SearchRouter.swift in Sources */,
				BF3ED764284BA49300E9C0AC /* Constants.swift in Sources */,
				BF3ED760284BA36600E9C0AC /* SearchAPI.swift in Sources */,
				BF5898D0284E57D700FE6534 /* DetailViewController.swift in Sources */,
				BF3ED780284BF11E00E9C0AC /* SearchDataSource.swift in Sources */,
				BF3ED793284CBDC000E9C0AC /* SearchPlaceholderCellViewModel.swift in Sources */,
				BF3ED796284CC22300E9C0AC /* SearchCellType.swift in Sources */,
				BF3ED775284BECC500E9C0AC /* SearchViewModel.swift in Sources */,
				BF3ED78F284CBD8A00E9C0AC /* SearchCellBaseViewModel.swift in Sources */,
				BF3ED73B284B5B9F00E9C0AC /* SearchViewController.swift in Sources */,
				BF3ED7A6284D4B2C00E9C0AC /* SearchViewController+Bindings.swift in Sources */,
				BF5898D9284E895200FE6534 /* DetailTitleCell.swift in Sources */,
				BF3ED791284CBDAF00E9C0AC /* SearchResultCellViewModel.swift in Sources */,
				BF5898E1284E8DA500FE6534 /* DetailDescriptionCell.swift in Sources */,
				BF3ED785284BFDA000E9C0AC /* PaginationType.swift in Sources */,
				BF3ED7AB284D4E9900E9C0AC /* SearchPlaceholderCell.swift in Sources */,
				BF3ED737284B5B9F00E9C0AC /* AppDelegate.swift in Sources */,
				BF3A48EF284EA73500DAFF69 /* SearchDetailCellType.swift in Sources */,
				BF3ED7A2284D370800E9C0AC /* SearchScope.swift in Sources */,
				BF3ED782284BF8C700E9C0AC /* ViewControllerMaker.swift in Sources */,
				BF3ED788284C180E00E9C0AC /* SearchResultsCell.swift in Sources */,
				BF3ED768284BBA3800E9C0AC /* SearchResponseModel.swift in Sources */,
				BF5898D5284E718200FE6534 /* DetailImageCell.swift in Sources */,
				BF5898C7284DB86700FE6534 /* UICollectionView+Ext.swift in Sources */,
				BF3ED762284BA37200E9C0AC /* SearchAPIProvider.swift in Sources */,
				BF3ED7A0284D279500E9C0AC /* String+Ext.swift in Sources */,
				BF3ED78B284CBCF100E9C0AC /* SearchBaseCollectionViewCell.swift in Sources */,
				BF3ED77A284BEE2900E9C0AC /* SearchResultsParser.swift in Sources */,
				BF5898DD284E8AF300FE6534 /* DetailInfoCell.swift in Sources */,
				BF3ED766284BB98B00E9C0AC /* SearchPageProvider.swift in Sources */,
				BF3ED77C284BEE7200E9C0AC /* SearchManager.swift in Sources */,
				BF3ED78D284CBD4C00E9C0AC /* SearchActionHandler.swift in Sources */,
				BF3ED739284B5B9F00E9C0AC /* SceneDelegate.swift in Sources */,
			);
			runOnlyForDeploymentPostprocessing = 0;
		};
/* End PBXSourcesBuildPhase section */

/* Begin PBXVariantGroup section */
		BF3ED741284B5BA000E9C0AC /* LaunchScreen.storyboard */ = {
			isa = PBXVariantGroup;
			children = (
				BF3ED742284B5BA000E9C0AC /* Base */,
			);
			name = LaunchScreen.storyboard;
			sourceTree = "<group>";
		};
/* End PBXVariantGroup section */

/* Begin XCBuildConfiguration section */
		BF3ED745284B5BA000E9C0AC /* Debug */ = {
			isa = XCBuildConfiguration;
			buildSettings = {
				ALWAYS_SEARCH_USER_PATHS = NO;
				CLANG_ANALYZER_NONNULL = YES;
				CLANG_ANALYZER_NUMBER_OBJECT_CONVERSION = YES_AGGRESSIVE;
				CLANG_CXX_LANGUAGE_STANDARD = "gnu++17";
				CLANG_ENABLE_MODULES = YES;
				CLANG_ENABLE_OBJC_ARC = YES;
				CLANG_ENABLE_OBJC_WEAK = YES;
				CLANG_WARN_BLOCK_CAPTURE_AUTORELEASING = YES;
				CLANG_WARN_BOOL_CONVERSION = YES;
				CLANG_WARN_COMMA = YES;
				CLANG_WARN_CONSTANT_CONVERSION = YES;
				CLANG_WARN_DEPRECATED_OBJC_IMPLEMENTATIONS = YES;
				CLANG_WARN_DIRECT_OBJC_ISA_USAGE = YES_ERROR;
				CLANG_WARN_DOCUMENTATION_COMMENTS = YES;
				CLANG_WARN_EMPTY_BODY = YES;
				CLANG_WARN_ENUM_CONVERSION = YES;
				CLANG_WARN_INFINITE_RECURSION = YES;
				CLANG_WARN_INT_CONVERSION = YES;
				CLANG_WARN_NON_LITERAL_NULL_CONVERSION = YES;
				CLANG_WARN_OBJC_IMPLICIT_RETAIN_SELF = YES;
				CLANG_WARN_OBJC_LITERAL_CONVERSION = YES;
				CLANG_WARN_OBJC_ROOT_CLASS = YES_ERROR;
				CLANG_WARN_QUOTED_INCLUDE_IN_FRAMEWORK_HEADER = YES;
				CLANG_WARN_RANGE_LOOP_ANALYSIS = YES;
				CLANG_WARN_STRICT_PROTOTYPES = YES;
				CLANG_WARN_SUSPICIOUS_MOVE = YES;
				CLANG_WARN_UNGUARDED_AVAILABILITY = YES_AGGRESSIVE;
				CLANG_WARN_UNREACHABLE_CODE = YES;
				CLANG_WARN__DUPLICATE_METHOD_MATCH = YES;
				COPY_PHASE_STRIP = NO;
				DEBUG_INFORMATION_FORMAT = dwarf;
				ENABLE_STRICT_OBJC_MSGSEND = YES;
				ENABLE_TESTABILITY = YES;
				GCC_C_LANGUAGE_STANDARD = gnu11;
				GCC_DYNAMIC_NO_PIC = NO;
				GCC_NO_COMMON_BLOCKS = YES;
				GCC_OPTIMIZATION_LEVEL = 0;
				GCC_PREPROCESSOR_DEFINITIONS = (
					"DEBUG=1",
					"$(inherited)",
				);
				GCC_WARN_64_TO_32_BIT_CONVERSION = YES;
				GCC_WARN_ABOUT_RETURN_TYPE = YES_ERROR;
				GCC_WARN_UNDECLARED_SELECTOR = YES;
				GCC_WARN_UNINITIALIZED_AUTOS = YES_AGGRESSIVE;
				GCC_WARN_UNUSED_FUNCTION = YES;
				GCC_WARN_UNUSED_VARIABLE = YES;
				IPHONEOS_DEPLOYMENT_TARGET = 13.0;
				MTL_ENABLE_DEBUG_INFO = INCLUDE_SOURCE;
				MTL_FAST_MATH = YES;
				ONLY_ACTIVE_ARCH = YES;
				SDKROOT = iphoneos;
				SWIFT_ACTIVE_COMPILATION_CONDITIONS = DEBUG;
				SWIFT_OPTIMIZATION_LEVEL = "-Onone";
			};
			name = Debug;
		};
		BF3ED746284B5BA000E9C0AC /* Release */ = {
			isa = XCBuildConfiguration;
			buildSettings = {
				ALWAYS_SEARCH_USER_PATHS = NO;
				CLANG_ANALYZER_NONNULL = YES;
				CLANG_ANALYZER_NUMBER_OBJECT_CONVERSION = YES_AGGRESSIVE;
				CLANG_CXX_LANGUAGE_STANDARD = "gnu++17";
				CLANG_ENABLE_MODULES = YES;
				CLANG_ENABLE_OBJC_ARC = YES;
				CLANG_ENABLE_OBJC_WEAK = YES;
				CLANG_WARN_BLOCK_CAPTURE_AUTORELEASING = YES;
				CLANG_WARN_BOOL_CONVERSION = YES;
				CLANG_WARN_COMMA = YES;
				CLANG_WARN_CONSTANT_CONVERSION = YES;
				CLANG_WARN_DEPRECATED_OBJC_IMPLEMENTATIONS = YES;
				CLANG_WARN_DIRECT_OBJC_ISA_USAGE = YES_ERROR;
				CLANG_WARN_DOCUMENTATION_COMMENTS = YES;
				CLANG_WARN_EMPTY_BODY = YES;
				CLANG_WARN_ENUM_CONVERSION = YES;
				CLANG_WARN_INFINITE_RECURSION = YES;
				CLANG_WARN_INT_CONVERSION = YES;
				CLANG_WARN_NON_LITERAL_NULL_CONVERSION = YES;
				CLANG_WARN_OBJC_IMPLICIT_RETAIN_SELF = YES;
				CLANG_WARN_OBJC_LITERAL_CONVERSION = YES;
				CLANG_WARN_OBJC_ROOT_CLASS = YES_ERROR;
				CLANG_WARN_QUOTED_INCLUDE_IN_FRAMEWORK_HEADER = YES;
				CLANG_WARN_RANGE_LOOP_ANALYSIS = YES;
				CLANG_WARN_STRICT_PROTOTYPES = YES;
				CLANG_WARN_SUSPICIOUS_MOVE = YES;
				CLANG_WARN_UNGUARDED_AVAILABILITY = YES_AGGRESSIVE;
				CLANG_WARN_UNREACHABLE_CODE = YES;
				CLANG_WARN__DUPLICATE_METHOD_MATCH = YES;
				COPY_PHASE_STRIP = NO;
				DEBUG_INFORMATION_FORMAT = "dwarf-with-dsym";
				ENABLE_NS_ASSERTIONS = NO;
				ENABLE_STRICT_OBJC_MSGSEND = YES;
				GCC_C_LANGUAGE_STANDARD = gnu11;
				GCC_NO_COMMON_BLOCKS = YES;
				GCC_WARN_64_TO_32_BIT_CONVERSION = YES;
				GCC_WARN_ABOUT_RETURN_TYPE = YES_ERROR;
				GCC_WARN_UNDECLARED_SELECTOR = YES;
				GCC_WARN_UNINITIALIZED_AUTOS = YES_AGGRESSIVE;
				GCC_WARN_UNUSED_FUNCTION = YES;
				GCC_WARN_UNUSED_VARIABLE = YES;
				IPHONEOS_DEPLOYMENT_TARGET = 13.0;
				MTL_ENABLE_DEBUG_INFO = NO;
				MTL_FAST_MATH = YES;
				SDKROOT = iphoneos;
				SWIFT_COMPILATION_MODE = wholemodule;
				SWIFT_OPTIMIZATION_LEVEL = "-O";
				VALIDATE_PRODUCT = YES;
			};
			name = Release;
		};
		BF3ED748284B5BA000E9C0AC /* Debug */ = {
			isa = XCBuildConfiguration;
			baseConfigurationReference = 2843F59F7BB6C7F62AA2C014 /* Pods-iTunes Search.debug.xcconfig */;
			buildSettings = {
				ASSETCATALOG_COMPILER_APPICON_NAME = AppIcon;
				ASSETCATALOG_COMPILER_GLOBAL_ACCENT_COLOR_NAME = AccentColor;
				CODE_SIGN_STYLE = Automatic;
				CURRENT_PROJECT_VERSION = 1;
				DEVELOPMENT_TEAM = 7T54WZ2884;
				GENERATE_INFOPLIST_FILE = YES;
				INFOPLIST_FILE = "iTunes Search/Info.plist";
				INFOPLIST_KEY_UIApplicationSupportsIndirectInputEvents = YES;
				INFOPLIST_KEY_UILaunchStoryboardName = LaunchScreen;
				INFOPLIST_KEY_UISupportedInterfaceOrientations_iPad = "UIInterfaceOrientationPortrait UIInterfaceOrientationPortraitUpsideDown UIInterfaceOrientationLandscapeLeft UIInterfaceOrientationLandscapeRight";
				INFOPLIST_KEY_UISupportedInterfaceOrientations_iPhone = "UIInterfaceOrientationPortrait UIInterfaceOrientationLandscapeLeft UIInterfaceOrientationLandscapeRight";
				LD_RUNPATH_SEARCH_PATHS = (
					"$(inherited)",
					"@executable_path/Frameworks",
				);
				MARKETING_VERSION = 1.0;
				PRODUCT_BUNDLE_IDENTIFIER = "com.hasanaygunoglu.iTunes-Search";
				PRODUCT_NAME = "$(TARGET_NAME)";
				SWIFT_EMIT_LOC_STRINGS = YES;
				SWIFT_VERSION = 5.0;
				TARGETED_DEVICE_FAMILY = "1,2";
			};
			name = Debug;
		};
		BF3ED749284B5BA000E9C0AC /* Release */ = {
			isa = XCBuildConfiguration;
			baseConfigurationReference = 6859C570EBFE90140594C104 /* Pods-iTunes Search.release.xcconfig */;
			buildSettings = {
				ASSETCATALOG_COMPILER_APPICON_NAME = AppIcon;
				ASSETCATALOG_COMPILER_GLOBAL_ACCENT_COLOR_NAME = AccentColor;
				CODE_SIGN_STYLE = Automatic;
				CURRENT_PROJECT_VERSION = 1;
				DEVELOPMENT_TEAM = 7T54WZ2884;
				GENERATE_INFOPLIST_FILE = YES;
				INFOPLIST_FILE = "iTunes Search/Info.plist";
				INFOPLIST_KEY_UIApplicationSupportsIndirectInputEvents = YES;
				INFOPLIST_KEY_UILaunchStoryboardName = LaunchScreen;
				INFOPLIST_KEY_UISupportedInterfaceOrientations_iPad = "UIInterfaceOrientationPortrait UIInterfaceOrientationPortraitUpsideDown UIInterfaceOrientationLandscapeLeft UIInterfaceOrientationLandscapeRight";
				INFOPLIST_KEY_UISupportedInterfaceOrientations_iPhone = "UIInterfaceOrientationPortrait UIInterfaceOrientationLandscapeLeft UIInterfaceOrientationLandscapeRight";
				LD_RUNPATH_SEARCH_PATHS = (
					"$(inherited)",
					"@executable_path/Frameworks",
				);
				MARKETING_VERSION = 1.0;
				PRODUCT_BUNDLE_IDENTIFIER = "com.hasanaygunoglu.iTunes-Search";
				PRODUCT_NAME = "$(TARGET_NAME)";
				SWIFT_EMIT_LOC_STRINGS = YES;
				SWIFT_VERSION = 5.0;
				TARGETED_DEVICE_FAMILY = "1,2";
			};
			name = Release;
		};
/* End XCBuildConfiguration section */

/* Begin XCConfigurationList section */
		BF3ED72E284B5B9F00E9C0AC /* Build configuration list for PBXProject "iTunes Search" */ = {
			isa = XCConfigurationList;
			buildConfigurations = (
				BF3ED745284B5BA000E9C0AC /* Debug */,
				BF3ED746284B5BA000E9C0AC /* Release */,
			);
			defaultConfigurationIsVisible = 0;
			defaultConfigurationName = Release;
		};
		BF3ED747284B5BA000E9C0AC /* Build configuration list for PBXNativeTarget "iTunes Search" */ = {
			isa = XCConfigurationList;
			buildConfigurations = (
				BF3ED748284B5BA000E9C0AC /* Debug */,
				BF3ED749284B5BA000E9C0AC /* Release */,
			);
			defaultConfigurationIsVisible = 0;
			defaultConfigurationName = Release;
		};
/* End XCConfigurationList section */
	};
	rootObject = BF3ED72B284B5B9F00E9C0AC /* Project object */;
}
